{
	"name": "src",
	"lockfileVersion": 2,
	"requires": true,
	"packages": {
		"": {
			"dependencies": {
				"api.fluff4.me": "^1.0.53"
			}
		},
		"node_modules/api.fluff4.me": {
			"version": "1.0.53",
			"resolved": "https://registry.npmjs.org/api.fluff4.me/-/api.fluff4.me-1.0.53.tgz",
			"integrity": "sha512-Y3vW+oSsAJAPvbd3LIixyTL/S8eurU3RW6TMoe2xuOEWgNekno7kI3afgU9wSonCfecQQ07QMR1uGJMvTY1uuQ=="
		}
	},
	"dependencies": {
		"api.fluff4.me": {
			"version": "1.0.53",
			"resolved": "https://registry.npmjs.org/api.fluff4.me/-/api.fluff4.me-1.0.53.tgz",
			"integrity": "sha512-Y3vW+oSsAJAPvbd3LIixyTL/S8eurU3RW6TMoe2xuOEWgNekno7kI3afgU9wSonCfecQQ07QMR1uGJMvTY1uuQ=="
		}
	}
}
