{
	"name": "src",
	"lockfileVersion": 2,
	"requires": true,
	"packages": {
		"": {
			"dependencies": {
				"api.fluff4.me": "^1.0.48"
			}
		},
		"node_modules/api.fluff4.me": {
			"version": "1.0.48",
			"resolved": "https://registry.npmjs.org/api.fluff4.me/-/api.fluff4.me-1.0.48.tgz",
			"integrity": "sha512-qDLL0HxumAcl2+tNULruOdhHYHkfW1tViCV/Ii0hHJ1gp9FhSOKMhAcDgkHj4chi3fxUiIV+hJtWsIQx48EPAw=="
		}
	},
	"dependencies": {
		"api.fluff4.me": {
			"version": "1.0.48",
			"resolved": "https://registry.npmjs.org/api.fluff4.me/-/api.fluff4.me-1.0.48.tgz",
			"integrity": "sha512-qDLL0HxumAcl2+tNULruOdhHYHkfW1tViCV/Ii0hHJ1gp9FhSOKMhAcDgkHj4chi3fxUiIV+hJtWsIQx48EPAw=="
		}
	}
}
