{
	"name": "src",
	"lockfileVersion": 2,
	"requires": true,
	"packages": {
		"": {
			"dependencies": {
				"api.fluff4.me": "^1.0.25"
			}
		},
		"node_modules/api.fluff4.me": {
			"version": "1.0.25",
			"resolved": "https://registry.npmjs.org/api.fluff4.me/-/api.fluff4.me-1.0.25.tgz",
			"integrity": "sha512-1P5ti+cJCZd2N9cBKzHhTvBMgsrRCoInf5GEgGggV0SjxafZPxoKk+5uBguingVcuN056ypnnDUnocH/0lJZSA=="
		}
	},
	"dependencies": {
		"api.fluff4.me": {
			"version": "1.0.25",
			"resolved": "https://registry.npmjs.org/api.fluff4.me/-/api.fluff4.me-1.0.25.tgz",
			"integrity": "sha512-1P5ti+cJCZd2N9cBKzHhTvBMgsrRCoInf5GEgGggV0SjxafZPxoKk+5uBguingVcuN056ypnnDUnocH/0lJZSA=="
		}
	}
}
